# This file is autogenerated, do not edit; changes may be undone by the next 'dep ensure'.


[[projects]]
  digest = "1:3ccf8ba7afe02fd470c4f07d6eea4d0e6875da3d129f95b925f2003ce5dd2024"
  name = "github.com/StackExchange/wmi"
  packages = ["."]
  pruneopts = "NUT"
  revision = "5d049714c4a64225c3c79a7cf7d02f7fb5b96338"
  version = "1.0.0"

[[projects]]
  branch = "master"
  digest = "1:7182778e2c022c367d7e4a0be2244894a361f27f9e51f9bacace29ab1a061eef"
  name = "github.com/cloudradar-monitoring/selfupdate"
  packages = ["."]
  pruneopts = "NUT"
  revision = "3bc6d247a637bb71cafca0a5417167819af907f3"

[[projects]]
  digest = "1:9cf40a4f61ba6526e42b2f516d95aded11edfb83e504688f940aa73e4794cb73"
  name = "github.com/cloudradar-monitoring/toml"
  packages = ["."]
  pruneopts = "NUT"
  revision = "b07890c4335d171cf1fab9050aae78c0b306d19e"

[[projects]]
  digest = "1:ffe9824d294da03b391f44e1ae8281281b4afc1bdaa9588c9097785e3af10cec"
  name = "github.com/davecgh/go-spew"
  packages = ["spew"]
  pruneopts = "NUT"
  revision = "8991bc29aa16c548c550c7ff78260e27b9ab7c73"
  version = "v1.1.1"

[[projects]]
  digest = "1:022649cb675f044f3b7b6ab58c528dad7b11eee526ecd792a1b04ee4b0c692da"
  name = "github.com/go-ole/go-ole"
  packages = [
    ".",
    "oleutil",
  ]
  pruneopts = "NUT"
  revision = "97b6244175ae18ea6eef668034fd6565847501c9"
  version = "v1.2.4"

[[projects]]
  digest = "1:be408f349cae090a7c17a279633d6e62b00068e64af66a582cae0983de8890ea"
  name = "github.com/golang/mock"
  packages = ["gomock"]
  pruneopts = "NUT"
  revision = "9fa652df1129bef0e734c9cf9bf6dbae9ef3b9fa"
  version = "1.3.1"

[[projects]]
  digest = "1:2a26f9d34f80b0e53dc2d1526649a26d017f5dcd99576f863cb9d3c2021feec3"
  name = "github.com/gorilla/handlers"
  packages = ["."]
  pruneopts = "NUT"
  revision = "7e0847f9db758cdebd26c149d0ae9d5d0b9c98ce"
  version = "v1.4.0"

[[projects]]
  digest = "1:53a4ebb0e1eb24a4644a3eec9457ba6ead5476a9ea5af43bf2c8b8b1a8ce47f2"
  name = "github.com/hashicorp/go-version"
  packages = ["."]
  pruneopts = "NUT"
  revision = "ac23dc3fea5d1a983c43f6a0f6e2c13f0195d8bd"
  version = "v1.2.0"

[[projects]]
  digest = "1:779aae5827e3f91c6e1e7f2103d6259ca24d940f162a91943c7a0971a60e04ee"
  name = "github.com/kardianos/service"
  packages = ["."]
  pruneopts = "NUT"
  revision = "489f2db8fe1ea889736641b693458a6de9ff98e8"
  source = "github.com/cloudradar-monitoring/service"

[[projects]]
  digest = "1:58999a98719fddbac6303cb17e8d85b945f60b72f48e3a2df6b950b97fa926f1"
  name = "github.com/konsorten/go-windows-terminal-sequences"
  packages = ["."]
  pruneopts = "NUT"
  revision = "f55edac94c9bbba5d6182a4be46d86a2c9b5b50e"
  version = "v1.0.2"

[[projects]]
  digest = "1:5d08d82612126806b97cae03c17b31f4c69afb2bc5fa6888242302bc25cf1ed1"
  name = "github.com/lxn/walk"
  packages = [
    ".",
    "declarative",
  ]
  pruneopts = "NUT"
  revision = "6cf0bf1359a5d99a8160321be78b61e7b635e324"

[[projects]]
  digest = "1:9b813530f44abd991ac0789339dfcea4fd1eb46669531cf8cc6d467e10c115c5"
  name = "github.com/lxn/win"
  packages = ["."]
  pruneopts = "NUT"
  revision = "6f00d814e89c2442495334cdd91bb6ff3003eeb7"

[[projects]]
  digest = "1:7fdab37567936e6ffe935118d1644c75d32acfe4cefa3509cea7f275c39bf522"
  name = "github.com/nightlyone/lockfile"
  packages = ["."]
  pruneopts = "NUT"
  revision = "d487ed8593d2cb7638cf901ff9fc48f62c9a902f"
  version = "v1.0.0"

[[projects]]
  branch = "master"
  digest = "1:16bbae9910129be5a18b951eabacd54414d3faea094dfab92bb3c84884d46b11"
  name = "github.com/nu7hatch/gouuid"
  packages = ["."]
  pruneopts = "NUT"
  revision = "179d4d0c4d8d407a32af483c2354df1d2c91e6c3"

[[projects]]
  digest = "1:14715f705ff5dfe0ffd6571d7d201dd8e921030f8070321a79380d8ca4ec1a24"
  name = "github.com/pkg/errors"
  packages = ["."]
  pruneopts = "NUT"
  revision = "ba968bfe8b2f7e042a574c888954fccecfa385b4"
  version = "v0.8.1"

[[projects]]
  digest = "1:0028cb19b2e4c3112225cd871870f2d9cf49b9b4276531f03438a88e94be86fe"
  name = "github.com/pmezard/go-difflib"
  packages = ["difflib"]
  pruneopts = "NUT"
  revision = "792786c7400a136282c1664665ae0a8db921c6c2"
  version = "v1.0.0"

[[projects]]
  digest = "1:7af7d0dfa9ca93c2eca3481dd4eed16bf130f459ccdc8d007282eecc769bfed1"
  name = "github.com/shirou/gopsutil"
  packages = [
    "cpu",
    "host",
    "internal/common",
    "mem",
    "net",
    "process",
  ]
  pruneopts = "NUT"
  revision = "fa9845945e5b5c6ffb19b436586ff702a30417c5"
  version = "v2.19.04"

[[projects]]
  branch = "master"
  digest = "1:869e13958e05ca96407cecebea71a60310256aba8f70244d05a06ce09e3f60ba"
  name = "github.com/shirou/w32"
  packages = ["."]
  pruneopts = "NUT"
  revision = "bb4de0191aa41b5507caa14b0650cdbddcd9280b"

[[projects]]
  digest = "1:1f3786b148919a961ff9903067e97962fbb4e82270c3cc07e495f14cf68ed802"
  name = "github.com/sirupsen/logrus"
  packages = [
    ".",
    "hooks/syslog",
  ]
  pruneopts = "NUT"
  revision = "8bdbc7bcc01dcbb8ec23dc8a28e332258d25251f"
  version = "v1.4.1"

[[projects]]
  digest = "1:7b6dafc236fdd00c9f08c6a0c27ceebc3504d1a1b5cd3ecb671b329454ac4eec"
  name = "github.com/soniah/gosnmp"
  packages = ["."]
  pruneopts = "NUT"
  revision = "1b12be15031c65438aa78efb424e8e335f16f539"

[[projects]]
  digest = "1:85adecf1dbfae5769cc62a8bcea6498f8e9f0e2452e4e6686eb36fa4428a5a6e"
  name = "github.com/stretchr/testify"
  packages = [
    "assert",
    "require",
  ]
  pruneopts = "NUT"
  revision = "ffdc059bfe9ce6a4e144ba849dbedead332c6053"
  version = "v1.3.0"

[[projects]]
  branch = "master"
  digest = "1:81646cb3192b806fbaf4bcf8d2b81733eb898926e9468bceae581ef2ae2acb87"
  name = "golang.org/x/net"
  packages = [
    "bpf",
    "html",
    "html/atom",
    "icmp",
    "internal/iana",
    "internal/socket",
    "ipv4",
    "ipv6",
  ]
  pruneopts = "NUT"
  revision = "3ec19112720433827bbce8be9342797f5a6aaaf9"

[[projects]]
  branch = "master"
  digest = "1:ed822ab59f461a62d9f718eacd21b6e8844b008872c3dd42b32c3987a57c5af3"
  name = "golang.org/x/sys"
  packages = [
    "unix",
    "windows",
    "windows/registry",
    "windows/svc",
    "windows/svc/eventlog",
    "windows/svc/mgr",
  ]
  pruneopts = "NUT"
  revision = "f91f9b37d0e9fd2002e73af3d2c862431c925769"

[[projects]]
  digest = "1:a8bc08e25d94bdcbf8ea54ee8e4b2a00a8c3b6957501b4fdb1a6d303e5292f6d"
  name = "gopkg.in/Knetic/govaluate.v3"
  packages = ["."]
  pruneopts = "NUT"
  revision = "d216395917cc49052c7c7094cf57f09657ca08a8"
  version = "v3.0.0"

[[projects]]
  digest = "1:797db40073a8a1d30cc43864b6190372f2fca7af38b1cf1532e4e92a8283e075"
  name = "gopkg.in/asn1-ber.v1"
  packages = ["."]
  pruneopts = "NUT"
  revision = "f715ec2f112d1e4195b827ad68cf44017a3ef2b1"
  version = "v1.3"

[[projects]]
  digest = "1:702ddda24a3de16923785938f7a618d75d526d970d617c63b73e09155f258617"
  name = "gopkg.in/ldap.v3"
  packages = ["."]
  pruneopts = "NUT"
  revision = "9f0d712775a0973b7824a1585a86a4ea1d5263d9"
  version = "v3.0.3"

[[projects]]
  branch = "v1"
  digest = "1:6b793fafe8ea2f49001060bc0600d66daaf78de58019a27136cc63708b9988c3"
  name = "gopkg.in/toast.v1"
  packages = ["."]
  pruneopts = "NUT"
  revision = "0a84660828b24d25b35525c9a1f1f51267f8da91"

[solve-meta]
  analyzer-name = "dep"
  analyzer-version = 1
  input-imports = [
    "github.com/cloudradar-monitoring/selfupdate",
    "github.com/cloudradar-monitoring/toml",
    "github.com/gorilla/handlers",
    "github.com/kardianos/service",
    "github.com/lxn/walk",
    "github.com/lxn/walk/declarative",
    "github.com/lxn/win",
    "github.com/pkg/errors",
    "github.com/shirou/gopsutil/cpu",
    "github.com/shirou/gopsutil/host",
    "github.com/shirou/gopsutil/mem",
    "github.com/shirou/w32",
    "github.com/sirupsen/logrus",
    "github.com/sirupsen/logrus/hooks/syslog",
    "github.com/soniah/gosnmp",
    "github.com/stretchr/testify/assert",
    "github.com/stretchr/testify/require",
    "golang.org/x/net/html",
    "golang.org/x/net/icmp",
    "golang.org/x/net/ipv4",
    "golang.org/x/net/ipv6",
    "golang.org/x/sys/windows/svc",
    "golang.org/x/sys/windows/svc/mgr",
    "gopkg.in/ldap.v3",
    "gopkg.in/toast.v1",
  ]
  solver-name = "gps-cdcl"
  solver-version = 1
